
Microsoft Visual Studio Solution File, Format Version 12.00
Project("{FAE04EC0-301F-11D3-BF4B-00C04F79EFBC}") = "7math", "7math\7math.csproj", "{A73F8652-90E4-4D76-893A-3CAC675CCBA8}"
EndProject
Global
	GlobalSection(SolutionConfigurationPlatforms) = preSolution
		Debug|Any CPU = Debug|Any CPU
		Release|Any CPU = Release|Any CPU
	EndGlobalSection
	GlobalSection(ProjectConfigurationPlatforms) = postSolution
		{A73F8652-90E4-4D76-893A-3CAC675CCBA8}.Debug|Any CPU.ActiveCfg = Debug|Any CPU
		{A73F8652-90E4-4D76-893A-3CAC675CCBA8}.Debug|Any CPU.Build.0 = Debug|Any CPU
		{A73F8652-90E4-4D76-893A-3CAC675CCBA8}.Release|Any CPU.ActiveCfg = Release|Any CPU
		{A73F8652-90E4-4D76-893A-3CAC675CCBA8}.Release|Any CPU.Build.0 = Release|Any CPU
	EndGlobalSection
EndGlobal
